// !$*UTF8*$!
{
	archiveVersion = 1;
	classes = {
	};
	objectVersion = 77;
	objects = {

/* Begin PBXContainerItemProxy section */
		48774FE52D3E5C0B005C75AF /* PBXContainerItemProxy */ = {
			isa = PBXContainerItemProxy;
			containerPortal = 48774FCC2D3E5C0A005C75AF /* Project object */;
			proxyType = 1;
			remoteGlobalIDString = 48774FD32D3E5C0A005C75AF;
			remoteInfo = DividendCalculator;
		};
		48774FEF2D3E5C0B005C75AF /* PBXContainerItemProxy */ = {
			isa = PBXContainerItemProxy;
			containerPortal = 48774FCC2D3E5C0A005C75AF /* Project object */;
			proxyType = 1;
			remoteGlobalIDString = 48774FD32D3E5C0A005C75AF;
			remoteInfo = DividendCalculator;
		};
/* End PBXContainerItemProxy section */

/* Begin PBXFileReference section */
		48774FD42D3E5C0A005C75AF /* DividendCalculator.app */ = {isa = PBXFileReference; explicitFileType = wrapper.application; includeInIndex = 0; path = DividendCalculator.app; sourceTree = BUILT_PRODUCTS_DIR; };
		48774FE42D3E5C0B005C75AF /* DividendCalculatorTests.xctest */ = {isa = PBXFileReference; explicitFileType = wrapper.cfbundle; includeInIndex = 0; path = DividendCalculatorTests.xctest; sourceTree = BUILT_PRODUCTS_DIR; };
		48774FEE2D3E5C0B005C75AF /* DividendCalculatorUITests.xctest */ = {isa = PBXFileReference; explicitFileType = wrapper.cfbundle; includeInIndex = 0; path = DividendCalculatorUITests.xctest; sourceTree = BUILT_PRODUCTS_DIR; };
/* End PBXFileReference section */

/* Begin PBXFileSystemSynchronizedRootGroup section */
		48774FD62D3E5C0A005C75AF /* DividendCalculator */ = {
			isa = PBXFileSystemSynchronizedRootGroup;
			path = DividendCalculator;
			sourceTree = "<group>";
		};
		48774FE72D3E5C0B005C75AF /* DividendCalculatorTests */ = {
			isa = PBXFileSystemSynchronizedRootGroup;
			path = DividendCalculatorTests;
			sourceTree = "<group>";
		};
		48774FF12D3E5C0B005C75AF /* DividendCalculatorUITests */ = {
			isa = PBXFileSystemSynchronizedRootGroup;
			path = DividendCalculatorUITests;
			sourceTree = "<group>";
		};
/* End PBXFileSystemSynchronizedRootGroup section */

/* Begin PBXFrameworksBuildPhase section */
		48774FD12D3E5C0A005C75AF /* Frameworks */ = {
			isa = PBXFrameworksBuildPhase;
			buildActionMask = 2147483647;
			files = (
			);
			runOnlyForDeploymentPostprocessing = 0;
		};
		48774FE12D3E5C0B005C75AF /* Frameworks */ = {
			isa = PBXFrameworksBuildPhase;
			buildActionMask = 2147483647;
			files = (
			);
			runOnlyForDeploymentPostprocessing = 0;
		};
		48774FEB2D3E5C0B005C75AF /* Frameworks */ = {
			isa = PBXFrameworksBuildPhase;
			buildActionMask = 2147483647;
			files = (
			);
			runOnlyForDeploymentPostprocessing = 0;
		};
/* End PBXFrameworksBuildPhase section */

/* Begin PBXGroup section */
		48774FCB2D3E5C0A005C75AF = {
			isa = PBXGroup;
			children = (
				48774FD62D3E5C0A005C75AF /* DividendCalculator */,
				48774FE72D3E5C0B005C75AF /* DividendCalculatorTests */,
				48774FF12D3E5C0B005C75AF /* DividendCalculatorUITests */,
				48774FD52D3E5C0A005C75AF /* Products */,
			);
			sourceTree = "<group>";
		};
		48774FD52D3E5C0A005C75AF /* Products */ = {
			isa = PBXGroup;
			children = (
				48774FD42D3E5C0A005C75AF /* DividendCalculator.app */,
				48774FE42D3E5C0B005C75AF /* DividendCalculatorTests.xctest */,
				48774FEE2D3E5C0B005C75AF /* DividendCalculatorUITests.xctest */,
			);
			name = Products;
			sourceTree = "<group>";
		};
/* End PBXGroup section */

/* Begin PBXNativeTarget section */
		48774FD32D3E5C0A005C75AF /* DividendCalculator */ = {
			isa = PBXNativeTarget;
			buildConfigurationList = 48774FF82D3E5C0B005C75AF /* Build configuration list for PBXNativeTarget "DividendCalculator" */;
			buildPhases = (
				48774FD02D3E5C0A005C75AF /* Sources */,
				48774FD12D3E5C0A005C75AF /* Frameworks */,
				48774FD22D3E5C0A005C75AF /* Resources */,
			);
			buildRules = (
			);
			dependencies = (
			);
			fileSystemSynchronizedGroups = (
				48774FD62D3E5C0A005C75AF /* DividendCalculator */,
			);
			name = DividendCalculator;
			packageProductDependencies = (
			);
			productName = DividendCalculator;
			productReference = 48774FD42D3E5C0A005C75AF /* DividendCalculator.app */;
			productType = "com.apple.product-type.application";
		};
		48774FE32D3E5C0B005C75AF /* DividendCalculatorTests */ = {
			isa = PBXNativeTarget;
			buildConfigurationList = 48774FFB2D3E5C0B005C75AF /* Build configuration list for PBXNativeTarget "DividendCalculatorTests" */;
			buildPhases = (
				48774FE02D3E5C0B005C75AF /* Sources */,
				48774FE12D3E5C0B005C75AF /* Frameworks */,
				48774FE22D3E5C0B005C75AF /* Resources */,
			);
			buildRules = (
			);
			dependencies = (
				48774FE62D3E5C0B005C75AF /* PBXTargetDependency */,
			);
			fileSystemSynchronizedGroups = (
				48774FE72D3E5C0B005C75AF /* DividendCalculatorTests */,
			);
			name = DividendCalculatorTests;
			packageProductDependencies = (
			);
			productName = DividendCalculatorTests;
			productReference = 48774FE42D3E5C0B005C75AF /* DividendCalculatorTests.xctest */;
			productType = "com.apple.product-type.bundle.unit-test";
		};
		48774FED2D3E5C0B005C75AF /* DividendCalculatorUITests */ = {
			isa = PBXNativeTarget;
			buildConfigurationList = 48774FFE2D3E5C0B005C75AF /* Build configuration list for PBXNativeTarget "DividendCalculatorUITests" */;
			buildPhases = (
				48774FEA2D3E5C0B005C75AF /* Sources */,
				48774FEB2D3E5C0B005C75AF /* Frameworks */,
				48774FEC2D3E5C0B005C75AF /* Resources */,
			);
			buildRules = (
			);
			dependencies = (
				48774FF02D3E5C0B005C75AF /* PBXTargetDependency */,
			);
			fileSystemSynchronizedGroups = (
				48774FF12D3E5C0B005C75AF /* DividendCalculatorUITests */,
			);
			name = DividendCalculatorUITests;
			packageProductDependencies = (
			);
			productName = DividendCalculatorUITests;
			productReference = 48774FEE2D3E5C0B005C75AF /* DividendCalculatorUITests.xctest */;
			productType = "com.apple.product-type.bundle.ui-testing";
		};
/* End PBXNativeTarget section */

/* Begin PBXProject section */
		48774FCC2D3E5C0A005C75AF /* Project object */ = {
			isa = PBXProject;
			attributes = {
				BuildIndependentTargetsInParallel = 1;
				LastSwiftUpdateCheck = 1620;
				LastUpgradeCheck = 1620;
				TargetAttributes = {
					48774FD32D3E5C0A005C75AF = {
						CreatedOnToolsVersion = 16.2;
					};
					48774FE32D3E5C0B005C75AF = {
						CreatedOnToolsVersion = 16.2;
						TestTargetID = 48774FD32D3E5C0A005C75AF;
					};
					48774FED2D3E5C0B005C75AF = {
						CreatedOnToolsVersion = 16.2;
						TestTargetID = 48774FD32D3E5C0A005C75AF;
					};
				};
			};
			buildConfigurationList = 48774FCF2D3E5C0A005C75AF /* Build configuration list for PBXProject "DividendCalculator" */;
			developmentRegion = en;
			hasScannedForEncodings = 0;
			knownRegions = (
				en,
				Base,
			);
			mainGroup = 48774FCB2D3E5C0A005C75AF;
			minimizedProjectReferenceProxies = 1;
			preferredProjectObjectVersion = 77;
			productRefGroup = 48774FD52D3E5C0A005C75AF /* Products */;
			projectDirPath = "";
			projectRoot = "";
			targets = (
				48774FD32D3E5C0A005C75AF /* DividendCalculator */,
				48774FE32D3E5C0B005C75AF /* DividendCalculatorTests */,
				48774FED2D3E5C0B005C75AF /* DividendCalculatorUITests */,
			);
		};
/* End PBXProject section */

/* Begin PBXResourcesBuildPhase section */
		48774FD22D3E5C0A005C75AF /* Resources */ = {
			isa = PBXResourcesBuildPhase;
			buildActionMask = 2147483647;
			files = (
			);
			runOnlyForDeploymentPostprocessing = 0;
		};
		48774FE22D3E5C0B005C75AF /* Resources */ = {
			isa = PBXResourcesBuildPhase;
			buildActionMask = 2147483647;
			files = (
			);
			runOnlyForDeploymentPostprocessing = 0;
		};
		48774FEC2D3E5C0B005C75AF /* Resources */ = {
			isa = PBXResourcesBuildPhase;
			buildActionMask = 2147483647;
			files = (
			);
			runOnlyForDeploymentPostprocessing = 0;
		};
/* End PBXResourcesBuildPhase section */

/* Begin PBXSourcesBuildPhase section */
		48774FD02D3E5C0A005C75AF /* Sources */ = {
			isa = PBXSourcesBuildPhase;
			buildActionMask = 2147483647;
			files = (
			);
			runOnlyForDeploymentPostprocessing = 0;
		};
		48774FE02D3E5C0B005C75AF /* Sources */ = {
			isa = PBXSourcesBuildPhase;
			buildActionMask = 2147483647;
			files = (
			);
			runOnlyForDeploymentPostprocessing = 0;
		};
		48774FEA2D3E5C0B005C75AF /* Sources */ = {
			isa = PBXSourcesBuildPhase;
			buildActionMask = 2147483647;
			files = (
			);
			runOnlyForDeploymentPostprocessing = 0;
		};
/* End PBXSourcesBuildPhase section */

/* Begin PBXTargetDependency section */
		48774FE62D3E5C0B005C75AF /* PBXTargetDependency */ = {
			isa = PBXTargetDependency;
			target = 48774FD32D3E5C0A005C75AF /* DividendCalculator */;
			targetProxy = 48774FE52D3E5C0B005C75AF /* PBXContainerItemProxy */;
		};
		48774FF02D3E5C0B005C75AF /* PBXTargetDependency */ = {
			isa = PBXTargetDependency;
			target = 48774FD32D3E5C0A005C75AF /* DividendCalculator */;
			targetProxy = 48774FEF2D3E5C0B005C75AF /* PBXContainerItemProxy */;
		};
/* End PBXTargetDependency section */

/* Begin XCBuildConfiguration section */
		48774FF62D3E5C0B005C75AF /* Debug */ = {
			isa = XCBuildConfiguration;
			buildSettings = {
				ALWAYS_SEARCH_USER_PATHS = NO;
				ASSETCATALOG_COMPILER_GENERATE_SWIFT_ASSET_SYMBOL_EXTENSIONS = YES;
				CLANG_ANALYZER_NONNULL = YES;
				CLANG_ANALYZER_NUMBER_OBJECT_CONVERSION = YES_AGGRESSIVE;
				CLANG_CXX_LANGUAGE_STANDARD = "gnu++20";
				CLANG_ENABLE_MODULES = YES;
				CLANG_ENABLE_OBJC_ARC = YES;
				CLANG_ENABLE_OBJC_WEAK = YES;
				CLANG_WARN_BLOCK_CAPTURE_AUTORELEASING = YES;
				CLANG_WARN_BOOL_CONVERSION = YES;
				CLANG_WARN_COMMA = YES;
				CLANG_WARN_CONSTANT_CONVERSION = YES;
				CLANG_WARN_DEPRECATED_OBJC_IMPLEMENTATIONS = YES;
				CLANG_WARN_DIRECT_OBJC_ISA_USAGE = YES_ERROR;
				CLANG_WARN_DOCUMENTATION_COMMENTS = YES;
				CLANG_WARN_EMPTY_BODY = YES;
				CLANG_WARN_ENUM_CONVERSION = YES;
				CLANG_WARN_INFINITE_RECURSION = YES;
				CLANG_WARN_INT_CONVERSION = YES;
				CLANG_WARN_NON_LITERAL_NULL_CONVERSION = YES;
				CLANG_WARN_OBJC_IMPLICIT_RETAIN_SELF = YES;
				CLANG_WARN_OBJC_LITERAL_CONVERSION = YES;
				CLANG_WARN_OBJC_ROOT_CLASS = YES_ERROR;
				CLANG_WARN_QUOTED_INCLUDE_IN_FRAMEWORK_HEADER = YES;
				CLANG_WARN_RANGE_LOOP_ANALYSIS = YES;
				CLANG_WARN_STRICT_PROTOTYPES = YES;
				CLANG_WARN_SUSPICIOUS_MOVE = YES;
				CLANG_WARN_UNGUARDED_AVAILABILITY = YES_AGGRESSIVE;
				CLANG_WARN_UNREACHABLE_CODE = YES;
				CLANG_WARN__DUPLICATE_METHOD_MATCH = YES;
				COPY_PHASE_STRIP = NO;
				DEBUG_INFORMATION_FORMAT = dwarf;
				ENABLE_STRICT_OBJC_MSGSEND = YES;
				ENABLE_TESTABILITY = YES;
				ENABLE_USER_SCRIPT_SANDBOXING = YES;
				GCC_C_LANGUAGE_STANDARD = gnu17;
				GCC_DYNAMIC_NO_PIC = NO;
				GCC_NO_COMMON_BLOCKS = YES;
				GCC_OPTIMIZATION_LEVEL = 0;
				GCC_PREPROCESSOR_DEFINITIONS = (
					"DEBUG=1",
					"$(inherited)",
				);
				GCC_WARN_64_TO_32_BIT_CONVERSION = YES;
				GCC_WARN_ABOUT_RETURN_TYPE = YES_ERROR;
				GCC_WARN_UNDECLARED_SELECTOR = YES;
				GCC_WARN_UNINITIALIZED_AUTOS = YES_AGGRESSIVE;
				GCC_WARN_UNUSED_FUNCTION = YES;
				GCC_WARN_UNUSED_VARIABLE = YES;
				IPHONEOS_DEPLOYMENT_TARGET = 17.6;
				LOCALIZATION_PREFERS_STRING_CATALOGS = YES;
				MTL_ENABLE_DEBUG_INFO = INCLUDE_SOURCE;
				MTL_FAST_MATH = YES;
				ONLY_ACTIVE_ARCH = YES;
				SDKROOT = iphoneos;
				SWIFT_ACTIVE_COMPILATION_CONDITIONS = "DEBUG $(inherited)";
				SWIFT_OPTIMIZATION_LEVEL = "-Onone";
			};
			name = Debug;
		};
		48774FF72D3E5C0B005C75AF /* Release */ = {
			isa = XCBuildConfiguration;
			buildSettings = {
				ALWAYS_SEARCH_USER_PATHS = NO;
				ASSETCATALOG_COMPILER_GENERATE_SWIFT_ASSET_SYMBOL_EXTENSIONS = YES;
				CLANG_ANALYZER_NONNULL = YES;
				CLANG_ANALYZER_NUMBER_OBJECT_CONVERSION = YES_AGGRESSIVE;
				CLANG_CXX_LANGUAGE_STANDARD = "gnu++20";
				CLANG_ENABLE_MODULES = YES;
				CLANG_ENABLE_OBJC_ARC = YES;
				CLANG_ENABLE_OBJC_WEAK = YES;
				CLANG_WARN_BLOCK_CAPTURE_AUTORELEASING = YES;
				CLANG_WARN_BOOL_CONVERSION = YES;
				CLANG_WARN_COMMA = YES;
				CLANG_WARN_CONSTANT_CONVERSION = YES;
				CLANG_WARN_DEPRECATED_OBJC_IMPLEMENTATIONS = YES;
				CLANG_WARN_DIRECT_OBJC_ISA_USAGE = YES_ERROR;
				CLANG_WARN_DOCUMENTATION_COMMENTS = YES;
				CLANG_WARN_EMPTY_BODY = YES;
				CLANG_WARN_ENUM_CONVERSION = YES;
				CLANG_WARN_INFINITE_RECURSION = YES;
				CLANG_WARN_INT_CONVERSION = YES;
				CLANG_WARN_NON_LITERAL_NULL_CONVERSION = YES;
				CLANG_WARN_OBJC_IMPLICIT_RETAIN_SELF = YES;
				CLANG_WARN_OBJC_LITERAL_CONVERSION = YES;
				CLANG_WARN_OBJC_ROOT_CLASS = YES_ERROR;
				CLANG_WARN_QUOTED_INCLUDE_IN_FRAMEWORK_HEADER = YES;
				CLANG_WARN_RANGE_LOOP_ANALYSIS = YES;
				CLANG_WARN_STRICT_PROTOTYPES = YES;
				CLANG_WARN_SUSPICIOUS_MOVE = YES;
				CLANG_WARN_UNGUARDED_AVAILABILITY = YES_AGGRESSIVE;
				CLANG_WARN_UNREACHABLE_CODE = YES;
				CLANG_WARN__DUPLICATE_METHOD_MATCH = YES;
				COPY_PHASE_STRIP = NO;
				DEBUG_INFORMATION_FORMAT = "dwarf-with-dsym";
				ENABLE_NS_ASSERTIONS = NO;
				ENABLE_STRICT_OBJC_MSGSEND = YES;
				ENABLE_USER_SCRIPT_SANDBOXING = YES;
				GCC_C_LANGUAGE_STANDARD = gnu17;
				GCC_NO_COMMON_BLOCKS = YES;
				GCC_WARN_64_TO_32_BIT_CONVERSION = YES;
				GCC_WARN_ABOUT_RETURN_TYPE = YES_ERROR;
				GCC_WARN_UNDECLARED_SELECTOR = YES;
				GCC_WARN_UNINITIALIZED_AUTOS = YES_AGGRESSIVE;
				GCC_WARN_UNUSED_FUNCTION = YES;
				GCC_WARN_UNUSED_VARIABLE = YES;
				IPHONEOS_DEPLOYMENT_TARGET = 17.6;
				LOCALIZATION_PREFERS_STRING_CATALOGS = YES;
				MTL_ENABLE_DEBUG_INFO = NO;
				MTL_FAST_MATH = YES;
				SDKROOT = iphoneos;
				SWIFT_COMPILATION_MODE = wholemodule;
				VALIDATE_PRODUCT = YES;
			};
			name = Release;
		};
		48774FF92D3E5C0B005C75AF /* Debug */ = {
			isa = XCBuildConfiguration;
			buildSettings = {
				ASSETCATALOG_COMPILER_APPICON_NAME = AppIcon;
				ASSETCATALOG_COMPILER_GLOBAL_ACCENT_COLOR_NAME = AccentColor;
				CODE_SIGN_STYLE = Automatic;
				CURRENT_PROJECT_VERSION = 1;
				DEVELOPMENT_ASSET_PATHS = "\"DividendCalculator/Preview Content\"";
				DEVELOPMENT_TEAM = 6QV8Z29535;
				ENABLE_PREVIEWS = YES;
				GENERATE_INFOPLIST_FILE = YES;
				INFOPLIST_KEY_UIApplicationSceneManifest_Generation = YES;
				INFOPLIST_KEY_UIApplicationSupportsIndirectInputEvents = YES;
				INFOPLIST_KEY_UILaunchScreen_Generation = YES;
				INFOPLIST_KEY_UISupportedInterfaceOrientations_iPad = "UIInterfaceOrientationPortrait UIInterfaceOrientationPortraitUpsideDown UIInterfaceOrientationLandscapeLeft UIInterfaceOrientationLandscapeRight";
				INFOPLIST_KEY_UISupportedInterfaceOrientations_iPhone = "UIInterfaceOrientationPortrait UIInterfaceOrientationLandscapeLeft UIInterfaceOrientationLandscapeRight";
				LD_RUNPATH_SEARCH_PATHS = (
					"$(inherited)",
					"@executable_path/Frameworks",
				);
				MARKETING_VERSION = 1.0;
				PRODUCT_BUNDLE_IDENTIFIER = com.dividend.DividendCalculator;
				PRODUCT_NAME = "$(TARGET_NAME)";
				SWIFT_EMIT_LOC_STRINGS = YES;
				SWIFT_VERSION = 5.0;
				TARGETED_DEVICE_FAMILY = "1,2";
			};
			name = Debug;
		};
		48774FFA2D3E5C0B005C75AF /* Release */ = {
			isa = XCBuildConfiguration;
			buildSettings = {
				ASSETCATALOG_COMPILER_APPICON_NAME = AppIcon;
				ASSETCATALOG_COMPILER_GLOBAL_ACCENT_COLOR_NAME = AccentColor;
				CODE_SIGN_STYLE = Automatic;
				CURRENT_PROJECT_VERSION = 1;
				DEVELOPMENT_ASSET_PATHS = "\"DividendCalculator/Preview Content\"";
				DEVELOPMENT_TEAM = 6QV8Z29535;
				ENABLE_PREVIEWS = YES;
				GENERATE_INFOPLIST_FILE = YES;
				INFOPLIST_KEY_UIApplicationSceneManifest_Generation = YES;
				INFOPLIST_KEY_UIApplicationSupportsIndirectInputEvents = YES;
				INFOPLIST_KEY_UILaunchScreen_Generation = YES;
				INFOPLIST_KEY_UISupportedInterfaceOrientations_iPad = "UIInterfaceOrientationPortrait UIInterfaceOrientationPortraitUpsideDown UIInterfaceOrientationLandscapeLeft UIInterfaceOrientationLandscapeRight";
				INFOPLIST_KEY_UISupportedInterfaceOrientations_iPhone = "UIInterfaceOrientationPortrait UIInterfaceOrientationLandscapeLeft UIInterfaceOrientationLandscapeRight";
				LD_RUNPATH_SEARCH_PATHS = (
					"$(inherited)",
					"@executable_path/Frameworks",
				);
				MARKETING_VERSION = 1.0;
				PRODUCT_BUNDLE_IDENTIFIER = com.dividend.DividendCalculator;
				PRODUCT_NAME = "$(TARGET_NAME)";
				SWIFT_EMIT_LOC_STRINGS = YES;
				SWIFT_VERSION = 5.0;
				TARGETED_DEVICE_FAMILY = "1,2";
			};
			name = Release;
		};
		48774FFC2D3E5C0B005C75AF /* Debug */ = {
			isa = XCBuildConfiguration;
			buildSettings = {
				BUNDLE_LOADER = "$(TEST_HOST)";
				CODE_SIGN_STYLE = Automatic;
				CURRENT_PROJECT_VERSION = 1;
				DEVELOPMENT_TEAM = 6QV8Z29535;
				GENERATE_INFOPLIST_FILE = YES;
				IPHONEOS_DEPLOYMENT_TARGET = 18.2;
				MARKETING_VERSION = 1.0;
				PRODUCT_BUNDLE_IDENTIFIER = com.dividend.DividendCalculatorTests;
				PRODUCT_NAME = "$(TARGET_NAME)";
				SWIFT_EMIT_LOC_STRINGS = NO;
				SWIFT_VERSION = 5.0;
				TARGETED_DEVICE_FAMILY = "1,2";
				TEST_HOST = "$(BUILT_PRODUCTS_DIR)/DividendCalculator.app/$(BUNDLE_EXECUTABLE_FOLDER_PATH)/DividendCalculator";
			};
			name = Debug;
		};
		48774FFD2D3E5C0B005C75AF /* Release */ = {
			isa = XCBuildConfiguration;
			buildSettings = {
				BUNDLE_LOADER = "$(TEST_HOST)";
				CODE_SIGN_STYLE = Automatic;
				CURRENT_PROJECT_VERSION = 1;
				DEVELOPMENT_TEAM = 6QV8Z29535;
				GENERATE_INFOPLIST_FILE = YES;
				IPHONEOS_DEPLOYMENT_TARGET = 18.2;
				MARKETING_VERSION = 1.0;
				PRODUCT_BUNDLE_IDENTIFIER = com.dividend.DividendCalculatorTests;
				PRODUCT_NAME = "$(TARGET_NAME)";
				SWIFT_EMIT_LOC_STRINGS = NO;
				SWIFT_VERSION = 5.0;
				TARGETED_DEVICE_FAMILY = "1,2";
				TEST_HOST = "$(BUILT_PRODUCTS_DIR)/DividendCalculator.app/$(BUNDLE_EXECUTABLE_FOLDER_PATH)/DividendCalculator";
			};
			name = Release;
		};
		48774FFF2D3E5C0B005C75AF /* Debug */ = {
			isa = XCBuildConfiguration;
			buildSettings = {
				CODE_SIGN_STYLE = Automatic;
				CURRENT_PROJECT_VERSION = 1;
				DEVELOPMENT_TEAM = 6QV8Z29535;
				GENERATE_INFOPLIST_FILE = YES;
				MARKETING_VERSION = 1.0;
				PRODUCT_BUNDLE_IDENTIFIER = com.dividend.DividendCalculatorUITests;
				PRODUCT_NAME = "$(TARGET_NAME)";
				SWIFT_EMIT_LOC_STRINGS = NO;
				SWIFT_VERSION = 5.0;
				TARGETED_DEVICE_FAMILY = "1,2";
				TEST_TARGET_NAME = DividendCalculator;
			};
			name = Debug;
		};
		487750002D3E5C0B005C75AF /* Release */ = {
			isa = XCBuildConfiguration;
			buildSettings = {
				CODE_SIGN_STYLE = Automatic;
				CURRENT_PROJECT_VERSION = 1;
				DEVELOPMENT_TEAM = 6QV8Z29535;
				GENERATE_INFOPLIST_FILE = YES;
				MARKETING_VERSION = 1.0;
				PRODUCT_BUNDLE_IDENTIFIER = com.dividend.DividendCalculatorUITests;
				PRODUCT_NAME = "$(TARGET_NAME)";
				SWIFT_EMIT_LOC_STRINGS = NO;
				SWIFT_VERSION = 5.0;
				TARGETED_DEVICE_FAMILY = "1,2";
				TEST_TARGET_NAME = DividendCalculator;
			};
			name = Release;
		};
/* End XCBuildConfiguration section */

/* Begin XCConfigurationList section */
		48774FCF2D3E5C0A005C75AF /* Build configuration list for PBXProject "DividendCalculator" */ = {
			isa = XCConfigurationList;
			buildConfigurations = (
				48774FF62D3E5C0B005C75AF /* Debug */,
				48774FF72D3E5C0B005C75AF /* Release */,
			);
			defaultConfigurationIsVisible = 0;
			defaultConfigurationName = Release;
		};
		48774FF82D3E5C0B005C75AF /* Build configuration list for PBXNativeTarget "DividendCalculator" */ = {
			isa = XCConfigurationList;
			buildConfigurations = (
				48774FF92D3E5C0B005C75AF /* Debug */,
				48774FFA2D3E5C0B005C75AF /* Release */,
			);
			defaultConfigurationIsVisible = 0;
			defaultConfigurationName = Release;
		};
		48774FFB2D3E5C0B005C75AF /* Build configuration list for PBXNativeTarget "DividendCalculatorTests" */ = {
			isa = XCConfigurationList;
			buildConfigurations = (
				48774FFC2D3E5C0B005C75AF /* Debug */,
				48774FFD2D3E5C0B005C75AF /* Release */,
			);
			defaultConfigurationIsVisible = 0;
			defaultConfigurationName = Release;
		};
		48774FFE2D3E5C0B005C75AF /* Build configuration list for PBXNativeTarget "DividendCalculatorUITests" */ = {
			isa = XCConfigurationList;
			buildConfigurations = (
				48774FFF2D3E5C0B005C75AF /* Debug */,
				487750002D3E5C0B005C75AF /* Release */,
			);
			defaultConfigurationIsVisible = 0;
			defaultConfigurationName = Release;
		};
/* End XCConfigurationList section */
	};
	rootObject = 48774FCC2D3E5C0A005C75AF /* Project object */;
}
